// !$*UTF8*$!
{
	archiveVersion = 1;
	classes = {
	};
	objectVersion = 56;
	objects = {

/* Begin PBXBuildFile section */
		58CCECFCCF911555229C0D85 /* Pods_UTDemo_UTDemoUITests.framework in Frameworks */ = {isa = PBXBuildFile; fileRef = 144E49637FE86C5305ECCB77 /* Pods_UTDemo_UTDemoUITests.framework */; };
		64DB1CB32B6087A5003FADCA /* AppDelegate.m in Sources */ = {isa = PBXBuildFile; fileRef = 64DB1CB22B6087A5003FADCA /* AppDelegate.m */; };
		64DB1CB62B6087A5003FADCA /* SceneDelegate.m in Sources */ = {isa = PBXBuildFile; fileRef = 64DB1CB52B6087A5003FADCA /* SceneDelegate.m */; };
		64DB1CB92B6087A5003FADCA /* ViewController.m in Sources */ = {isa = PBXBuildFile; fileRef = 64DB1CB82B6087A5003FADCA /* ViewController.m */; };
		64DB1CBC2B6087A5003FADCA /* Main.storyboard in Resources */ = {isa = PBXBuildFile; fileRef = 64DB1CBA2B6087A5003FADCA /* Main.storyboard */; };
		64DB1CBE2B6087A8003FADCA /* Assets.xcassets in Resources */ = {isa = PBXBuildFile; fileRef = 64DB1CBD2B6087A8003FADCA /* Assets.xcassets */; };
		64DB1CC12B6087A8003FADCA /* LaunchScreen.storyboard in Resources */ = {isa = PBXBuildFile; fileRef = 64DB1CBF2B6087A8003FADCA /* LaunchScreen.storyboard */; };
		64DB1CC42B6087A8003FADCA /* main.m in Sources */ = {isa = PBXBuildFile; fileRef = 64DB1CC32B6087A8003FADCA /* main.m */; };
		64DB1CCE2B6087A8003FADCA /* UTDemoTests.m in Sources */ = {isa = PBXBuildFile; fileRef = 64DB1CCD2B6087A8003FADCA /* UTDemoTests.m */; };
		64DB1CD82B6087A8003FADCA /* UTDemoUITests.m in Sources */ = {isa = PBXBuildFile; fileRef = 64DB1CD72B6087A8003FADCA /* UTDemoUITests.m */; };
		64DB1CDA2B6087A8003FADCA /* UTDemoUITestsLaunchTests.m in Sources */ = {isa = PBXBuildFile; fileRef = 64DB1CD92B6087A8003FADCA /* UTDemoUITestsLaunchTests.m */; };
		98155FD2A1D149CF09619C61 /* Pods_UTDemoTests.framework in Frameworks */ = {isa = PBXBuildFile; fileRef = CCCA1D83C3F44541851CC719 /* Pods_UTDemoTests.framework */; };
		CEADDA0F0C346F1776545E76 /* Pods_UTDemo.framework in Frameworks */ = {isa = PBXBuildFile; fileRef = 2FA35F46523DDD659C060A2E /* Pods_UTDemo.framework */; };
/* End PBXBuildFile section */

/* Begin PBXContainerItemProxy section */
		64DB1CCA2B6087A8003FADCA /* PBXContainerItemProxy */ = {
			isa = PBXContainerItemProxy;
			containerPortal = 64DB1CA62B6087A5003FADCA /* Project object */;
			proxyType = 1;
			remoteGlobalIDString = 64DB1CAD2B6087A5003FADCA;
			remoteInfo = UTDemo;
		};
		64DB1CD42B6087A8003FADCA /* PBXContainerItemProxy */ = {
			isa = PBXContainerItemProxy;
			containerPortal = 64DB1CA62B6087A5003FADCA /* Project object */;
			proxyType = 1;
			remoteGlobalIDString = 64DB1CAD2B6087A5003FADCA;
			remoteInfo = UTDemo;
		};
/* End PBXContainerItemProxy section */

/* Begin PBXFileReference section */
		0C46B64DD413747D49D501C5 /* Pods-UTDemoTests.release.xcconfig */ = {isa = PBXFileReference; includeInIndex = 1; lastKnownFileType = text.xcconfig; name = "Pods-UTDemoTests.release.xcconfig"; path = "Target Support Files/Pods-UTDemoTests/Pods-UTDemoTests.release.xcconfig"; sourceTree = "<group>"; };
		144E49637FE86C5305ECCB77 /* Pods_UTDemo_UTDemoUITests.framework */ = {isa = PBXFileReference; explicitFileType = wrapper.framework; includeInIndex = 0; path = Pods_UTDemo_UTDemoUITests.framework; sourceTree = BUILT_PRODUCTS_DIR; };
		2FA35F46523DDD659C060A2E /* Pods_UTDemo.framework */ = {isa = PBXFileReference; explicitFileType = wrapper.framework; includeInIndex = 0; path = Pods_UTDemo.framework; sourceTree = BUILT_PRODUCTS_DIR; };
		3C10F443B3D880C7E31D063B /* Pods-UTDemo.release.xcconfig */ = {isa = PBXFileReference; includeInIndex = 1; lastKnownFileType = text.xcconfig; name = "Pods-UTDemo.release.xcconfig"; path = "Target Support Files/Pods-UTDemo/Pods-UTDemo.release.xcconfig"; sourceTree = "<group>"; };
		56DC67ED03EAB3C2A87968C1 /* Pods-UTDemoTests.debug.xcconfig */ = {isa = PBXFileReference; includeInIndex = 1; lastKnownFileType = text.xcconfig; name = "Pods-UTDemoTests.debug.xcconfig"; path = "Target Support Files/Pods-UTDemoTests/Pods-UTDemoTests.debug.xcconfig"; sourceTree = "<group>"; };
		61A91DF00C15AEDA8D1504D5 /* Pods-UTDemo.debug.xcconfig */ = {isa = PBXFileReference; includeInIndex = 1; lastKnownFileType = text.xcconfig; name = "Pods-UTDemo.debug.xcconfig"; path = "Target Support Files/Pods-UTDemo/Pods-UTDemo.debug.xcconfig"; sourceTree = "<group>"; };
		64DB1CAE2B6087A5003FADCA /* UTDemo.app */ = {isa = PBXFileReference; explicitFileType = wrapper.application; includeInIndex = 0; path = UTDemo.app; sourceTree = BUILT_PRODUCTS_DIR; };
		64DB1CB12B6087A5003FADCA /* AppDelegate.h */ = {isa = PBXFileReference; lastKnownFileType = sourcecode.c.h; path = AppDelegate.h; sourceTree = "<group>"; };
		64DB1CB22B6087A5003FADCA /* AppDelegate.m */ = {isa = PBXFileReference; lastKnownFileType = sourcecode.c.objc; path = AppDelegate.m; sourceTree = "<group>"; };
		64DB1CB42B6087A5003FADCA /* SceneDelegate.h */ = {isa = PBXFileReference; lastKnownFileType = sourcecode.c.h; path = SceneDelegate.h; sourceTree = "<group>"; };
		64DB1CB52B6087A5003FADCA /* SceneDelegate.m */ = {isa = PBXFileReference; lastKnownFileType = sourcecode.c.objc; path = SceneDelegate.m; sourceTree = "<group>"; };
		64DB1CB72B6087A5003FADCA /* ViewController.h */ = {isa = PBXFileReference; lastKnownFileType = sourcecode.c.h; path = ViewController.h; sourceTree = "<group>"; };
		64DB1CB82B6087A5003FADCA /* ViewController.m */ = {isa = PBXFileReference; lastKnownFileType = sourcecode.c.objc; path = ViewController.m; sourceTree = "<group>"; };
		64DB1CBB2B6087A5003FADCA /* Base */ = {isa = PBXFileReference; lastKnownFileType = file.storyboard; name = Base; path = Base.lproj/Main.storyboard; sourceTree = "<group>"; };
		64DB1CBD2B6087A8003FADCA /* Assets.xcassets */ = {isa = PBXFileReference; lastKnownFileType = folder.assetcatalog; path = Assets.xcassets; sourceTree = "<group>"; };
		64DB1CC02B6087A8003FADCA /* Base */ = {isa = PBXFileReference; lastKnownFileType = file.storyboard; name = Base; path = Base.lproj/LaunchScreen.storyboard; sourceTree = "<group>"; };
		64DB1CC22B6087A8003FADCA /* Info.plist */ = {isa = PBXFileReference; lastKnownFileType = text.plist.xml; path = Info.plist; sourceTree = "<group>"; };
		64DB1CC32B6087A8003FADCA /* main.m */ = {isa = PBXFileReference; lastKnownFileType = sourcecode.c.objc; path = main.m; sourceTree = "<group>"; };
		64DB1CC92B6087A8003FADCA /* UTDemoTests.xctest */ = {isa = PBXFileReference; explicitFileType = wrapper.cfbundle; includeInIndex = 0; path = UTDemoTests.xctest; sourceTree = BUILT_PRODUCTS_DIR; };
		64DB1CCD2B6087A8003FADCA /* UTDemoTests.m */ = {isa = PBXFileReference; lastKnownFileType = sourcecode.c.objc; path = UTDemoTests.m; sourceTree = "<group>"; };
		64DB1CD32B6087A8003FADCA /* UTDemoUITests.xctest */ = {isa = PBXFileReference; explicitFileType = wrapper.cfbundle; includeInIndex = 0; path = UTDemoUITests.xctest; sourceTree = BUILT_PRODUCTS_DIR; };
		64DB1CD72B6087A8003FADCA /* UTDemoUITests.m */ = {isa = PBXFileReference; lastKnownFileType = sourcecode.c.objc; path = UTDemoUITests.m; sourceTree = "<group>"; };
		64DB1CD92B6087A8003FADCA /* UTDemoUITestsLaunchTests.m */ = {isa = PBXFileReference; lastKnownFileType = sourcecode.c.objc; path = UTDemoUITestsLaunchTests.m; sourceTree = "<group>"; };
		8A21D1D01A58B861F556861D /* Pods-UTDemo-UTDemoUITests.debug.xcconfig */ = {isa = PBXFileReference; includeInIndex = 1; lastKnownFileType = text.xcconfig; name = "Pods-UTDemo-UTDemoUITests.debug.xcconfig"; path = "Target Support Files/Pods-UTDemo-UTDemoUITests/Pods-UTDemo-UTDemoUITests.debug.xcconfig"; sourceTree = "<group>"; };
		BE2608424F7B0870738C40A5 /* Pods-UTDemo-UTDemoUITests.release.xcconfig */ = {isa = PBXFileReference; includeInIndex = 1; lastKnownFileType = text.xcconfig; name = "Pods-UTDemo-UTDemoUITests.release.xcconfig"; path = "Target Support Files/Pods-UTDemo-UTDemoUITests/Pods-UTDemo-UTDemoUITests.release.xcconfig"; sourceTree = "<group>"; };
		CCCA1D83C3F44541851CC719 /* Pods_UTDemoTests.framework */ = {isa = PBXFileReference; explicitFileType = wrapper.framework; includeInIndex = 0; path = Pods_UTDemoTests.framework; sourceTree = BUILT_PRODUCTS_DIR; };
/* End PBXFileReference section */

/* Begin PBXFrameworksBuildPhase section */
		64DB1CAB2B6087A5003FADCA /* Frameworks */ = {
			isa = PBXFrameworksBuildPhase;
			buildActionMask = 2147483647;
			files = (
				CEADDA0F0C346F1776545E76 /* Pods_UTDemo.framework in Frameworks */,
			);
			runOnlyForDeploymentPostprocessing = 0;
		};
		64DB1CC62B6087A8003FADCA /* Frameworks */ = {
			isa = PBXFrameworksBuildPhase;
			buildActionMask = 2147483647;
			files = (
				98155FD2A1D149CF09619C61 /* Pods_UTDemoTests.framework in Frameworks */,
			);
			runOnlyForDeploymentPostprocessing = 0;
		};
		64DB1CD02B6087A8003FADCA /* Frameworks */ = {
			isa = PBXFrameworksBuildPhase;
			buildActionMask = 2147483647;
			files = (
				58CCECFCCF911555229C0D85 /* Pods_UTDemo_UTDemoUITests.framework in Frameworks */,
			);
			runOnlyForDeploymentPostprocessing = 0;
		};
/* End PBXFrameworksBuildPhase section */

/* Begin PBXGroup section */
		36D8F23A3AF3B994A4AA2041 /* Pods */ = {
			isa = PBXGroup;
			children = (
				61A91DF00C15AEDA8D1504D5 /* Pods-UTDemo.debug.xcconfig */,
				3C10F443B3D880C7E31D063B /* Pods-UTDemo.release.xcconfig */,
				8A21D1D01A58B861F556861D /* Pods-UTDemo-UTDemoUITests.debug.xcconfig */,
				BE2608424F7B0870738C40A5 /* Pods-UTDemo-UTDemoUITests.release.xcconfig */,
				56DC67ED03EAB3C2A87968C1 /* Pods-UTDemoTests.debug.xcconfig */,
				0C46B64DD413747D49D501C5 /* Pods-UTDemoTests.release.xcconfig */,
			);
			name = Pods;
			path = Pods;
			sourceTree = "<group>";
		};
		64DB1CA52B6087A5003FADCA = {
			isa = PBXGroup;
			children = (
				64DB1CB02B6087A5003FADCA /* UTDemo */,
				64DB1CCC2B6087A8003FADCA /* UTDemoTests */,
				64DB1CD62B6087A8003FADCA /* UTDemoUITests */,
				64DB1CAF2B6087A5003FADCA /* Products */,
				36D8F23A3AF3B994A4AA2041 /* Pods */,
				C66CE6E103D5D8E103C2CA6A /* Frameworks */,
			);
			sourceTree = "<group>";
		};
		64DB1CAF2B6087A5003FADCA /* Products */ = {
			isa = PBXGroup;
			children = (
				64DB1CAE2B6087A5003FADCA /* UTDemo.app */,
				64DB1CC92B6087A8003FADCA /* UTDemoTests.xctest */,
				64DB1CD32B6087A8003FADCA /* UTDemoUITests.xctest */,
			);
			name = Products;
			sourceTree = "<group>";
		};
		64DB1CB02B6087A5003FADCA /* UTDemo */ = {
			isa = PBXGroup;
			children = (
				64DB1CB12B6087A5003FADCA /* AppDelegate.h */,
				64DB1CB22B6087A5003FADCA /* AppDelegate.m */,
				64DB1CB42B6087A5003FADCA /* SceneDelegate.h */,
				64DB1CB52B6087A5003FADCA /* SceneDelegate.m */,
				64DB1CB72B6087A5003FADCA /* ViewController.h */,
				64DB1CB82B6087A5003FADCA /* ViewController.m */,
				64DB1CBA2B6087A5003FADCA /* Main.storyboard */,
				64DB1CBD2B6087A8003FADCA /* Assets.xcassets */,
				64DB1CBF2B6087A8003FADCA /* LaunchScreen.storyboard */,
				64DB1CC22B6087A8003FADCA /* Info.plist */,
				64DB1CC32B6087A8003FADCA /* main.m */,
			);
			path = UTDemo;
			sourceTree = "<group>";
		};
		64DB1CCC2B6087A8003FADCA /* UTDemoTests */ = {
			isa = PBXGroup;
			children = (
				64DB1CCD2B6087A8003FADCA /* UTDemoTests.m */,
			);
			path = UTDemoTests;
			sourceTree = "<group>";
		};
		64DB1CD62B6087A8003FADCA /* UTDemoUITests */ = {
			isa = PBXGroup;
			children = (
				64DB1CD72B6087A8003FADCA /* UTDemoUITests.m */,
				64DB1CD92B6087A8003FADCA /* UTDemoUITestsLaunchTests.m */,
			);
			path = UTDemoUITests;
			sourceTree = "<group>";
		};
		C66CE6E103D5D8E103C2CA6A /* Frameworks */ = {
			isa = PBXGroup;
			children = (
				2FA35F46523DDD659C060A2E /* Pods_UTDemo.framework */,
				144E49637FE86C5305ECCB77 /* Pods_UTDemo_UTDemoUITests.framework */,
				CCCA1D83C3F44541851CC719 /* Pods_UTDemoTests.framework */,
			);
			name = Frameworks;
			sourceTree = "<group>";
		};
/* End PBXGroup section */

/* Begin PBXNativeTarget section */
		64DB1CAD2B6087A5003FADCA /* UTDemo */ = {
			isa = PBXNativeTarget;
			buildConfigurationList = 64DB1CDD2B6087A8003FADCA /* Build configuration list for PBXNativeTarget "UTDemo" */;
			buildPhases = (
				624371F0F75AFFCC8F0170A0 /* [CP] Check Pods Manifest.lock */,
				64DB1CAA2B6087A5003FADCA /* Sources */,
				64DB1CAB2B6087A5003FADCA /* Frameworks */,
				64DB1CAC2B6087A5003FADCA /* Resources */,
			);
			buildRules = (
			);
			dependencies = (
			);
			name = UTDemo;
			productName = UTDemo;
			productReference = 64DB1CAE2B6087A5003FADCA /* UTDemo.app */;
			productType = "com.apple.product-type.application";
		};
		64DB1CC82B6087A8003FADCA /* UTDemoTests */ = {
			isa = PBXNativeTarget;
			buildConfigurationList = 64DB1CE02B6087A8003FADCA /* Build configuration list for PBXNativeTarget "UTDemoTests" */;
			buildPhases = (
				FEBCB482A0C33A0D178D31E5 /* [CP] Check Pods Manifest.lock */,
				64DB1CC52B6087A8003FADCA /* Sources */,
				64DB1CC62B6087A8003FADCA /* Frameworks */,
				64DB1CC72B6087A8003FADCA /* Resources */,
			);
			buildRules = (
			);
			dependencies = (
				64DB1CCB2B6087A8003FADCA /* PBXTargetDependency */,
			);
			name = UTDemoTests;
			productName = UTDemoTests;
			productReference = 64DB1CC92B6087A8003FADCA /* UTDemoTests.xctest */;
			productType = "com.apple.product-type.bundle.unit-test";
		};
		64DB1CD22B6087A8003FADCA /* UTDemoUITests */ = {
			isa = PBXNativeTarget;
			buildConfigurationList = 64DB1CE32B6087A8003FADCA /* Build configuration list for PBXNativeTarget "UTDemoUITests" */;
			buildPhases = (
				5684EF982CD4BC8E05D9ADF3 /* [CP] Check Pods Manifest.lock */,
				64DB1CCF2B6087A8003FADCA /* Sources */,
				64DB1CD02B6087A8003FADCA /* Frameworks */,
				64DB1CD12B6087A8003FADCA /* Resources */,
			);
			buildRules = (
			);
			dependencies = (
				64DB1CD52B6087A8003FADCA /* PBXTargetDependency */,
			);
			name = UTDemoUITests;
			productName = UTDemoUITests;
			productReference = 64DB1CD32B6087A8003FADCA /* UTDemoUITests.xctest */;
			productType = "com.apple.product-type.bundle.ui-testing";
		};
/* End PBXNativeTarget section */

/* Begin PBXProject section */
		64DB1CA62B6087A5003FADCA /* Project object */ = {
			isa = PBXProject;
			attributes = {
				BuildIndependentTargetsInParallel = 1;
				LastUpgradeCheck = 1520;
				TargetAttributes = {
					64DB1CAD2B6087A5003FADCA = {
						CreatedOnToolsVersion = 15.2;
					};
					64DB1CC82B6087A8003FADCA = {
						CreatedOnToolsVersion = 15.2;
						TestTargetID = 64DB1CAD2B6087A5003FADCA;
					};
					64DB1CD22B6087A8003FADCA = {
						CreatedOnToolsVersion = 15.2;
						TestTargetID = 64DB1CAD2B6087A5003FADCA;
					};
				};
			};
			buildConfigurationList = 64DB1CA92B6087A5003FADCA /* Build configuration list for PBXProject "UTDemo" */;
			compatibilityVersion = "Xcode 14.0";
			developmentRegion = en;
			hasScannedForEncodings = 0;
			knownRegions = (
				en,
				Base,
			);
			mainGroup = 64DB1CA52B6087A5003FADCA;
			productRefGroup = 64DB1CAF2B6087A5003FADCA /* Products */;
			projectDirPath = "";
			projectRoot = "";
			targets = (
				64DB1CAD2B6087A5003FADCA /* UTDemo */,
				64DB1CC82B6087A8003FADCA /* UTDemoTests */,
				64DB1CD22B6087A8003FADCA /* UTDemoUITests */,
			);
		};
/* End PBXProject section */

/* Begin PBXResourcesBuildPhase section */
		64DB1CAC2B6087A5003FADCA /* Resources */ = {
			isa = PBXResourcesBuildPhase;
			buildActionMask = 2147483647;
			files = (
				64DB1CC12B6087A8003FADCA /* LaunchScreen.storyboard in Resources */,
				64DB1CBE2B6087A8003FADCA /* Assets.xcassets in Resources */,
				64DB1CBC2B6087A5003FADCA /* Main.storyboard in Resources */,
			);
			runOnlyForDeploymentPostprocessing = 0;
		};
		64DB1CC72B6087A8003FADCA /* Resources */ = {
			isa = PBXResourcesBuildPhase;
			buildActionMask = 2147483647;
			files = (
			);
			runOnlyForDeploymentPostprocessing = 0;
		};
		64DB1CD12B6087A8003FADCA /* Resources */ = {
			isa = PBXResourcesBuildPhase;
			buildActionMask = 2147483647;
			files = (
			);
			runOnlyForDeploymentPostprocessing = 0;
		};
/* End PBXResourcesBuildPhase section */

/* Begin PBXShellScriptBuildPhase section */
		5684EF982CD4BC8E05D9ADF3 /* [CP] Check Pods Manifest.lock */ = {
			isa = PBXShellScriptBuildPhase;
			buildActionMask = 2147483647;
			files = (
			);
			inputFileListPaths = (
			);
			inputPaths = (
				"${PODS_PODFILE_DIR_PATH}/Podfile.lock",
				"${PODS_ROOT}/Manifest.lock",
			);
			name = "[CP] Check Pods Manifest.lock";
			outputFileListPaths = (
			);
			outputPaths = (
				"$(DERIVED_FILE_DIR)/Pods-UTDemo-UTDemoUITests-checkManifestLockResult.txt",
			);
			runOnlyForDeploymentPostprocessing = 0;
			shellPath = /bin/sh;
			shellScript = "diff \"${PODS_PODFILE_DIR_PATH}/Podfile.lock\" \"${PODS_ROOT}/Manifest.lock\" > /dev/null\nif [ $? != 0 ] ; then\n    # print error to STDERR\n    echo \"error: The sandbox is not in sync with the Podfile.lock. Run 'pod install' or update your CocoaPods installation.\" >&2\n    exit 1\nfi\n# This output is used by Xcode 'outputs' to avoid re-running this script phase.\necho \"SUCCESS\" > \"${SCRIPT_OUTPUT_FILE_0}\"\n";
			showEnvVarsInLog = 0;
		};
		624371F0F75AFFCC8F0170A0 /* [CP] Check Pods Manifest.lock */ = {
			isa = PBXShellScriptBuildPhase;
			buildActionMask = 2147483647;
			files = (
			);
			inputFileListPaths = (
			);
			inputPaths = (
				"${PODS_PODFILE_DIR_PATH}/Podfile.lock",
				"${PODS_ROOT}/Manifest.lock",
			);
			name = "[CP] Check Pods Manifest.lock";
			outputFileListPaths = (
			);
			outputPaths = (
				"$(DERIVED_FILE_DIR)/Pods-UTDemo-checkManifestLockResult.txt",
			);
			runOnlyForDeploymentPostprocessing = 0;
			shellPath = /bin/sh;
			shellScript = "diff \"${PODS_PODFILE_DIR_PATH}/Podfile.lock\" \"${PODS_ROOT}/Manifest.lock\" > /dev/null\nif [ $? != 0 ] ; then\n    # print error to STDERR\n    echo \"error: The sandbox is not in sync with the Podfile.lock. Run 'pod install' or update your CocoaPods installation.\" >&2\n    exit 1\nfi\n# This output is used by Xcode 'outputs' to avoid re-running this script phase.\necho \"SUCCESS\" > \"${SCRIPT_OUTPUT_FILE_0}\"\n";
			showEnvVarsInLog = 0;
		};
		FEBCB482A0C33A0D178D31E5 /* [CP] Check Pods Manifest.lock */ = {
			isa = PBXShellScriptBuildPhase;
			buildActionMask = 2147483647;
			files = (
			);
			inputFileListPaths = (
			);
			inputPaths = (
				"${PODS_PODFILE_DIR_PATH}/Podfile.lock",
				"${PODS_ROOT}/Manifest.lock",
			);
			name = "[CP] Check Pods Manifest.lock";
			outputFileListPaths = (
			);
			outputPaths = (
				"$(DERIVED_FILE_DIR)/Pods-UTDemoTests-checkManifestLockResult.txt",
			);
			runOnlyForDeploymentPostprocessing = 0;
			shellPath = /bin/sh;
			shellScript = "diff \"${PODS_PODFILE_DIR_PATH}/Podfile.lock\" \"${PODS_ROOT}/Manifest.lock\" > /dev/null\nif [ $? != 0 ] ; then\n    # print error to STDERR\n    echo \"error: The sandbox is not in sync with the Podfile.lock. Run 'pod install' or update your CocoaPods installation.\" >&2\n    exit 1\nfi\n# This output is used by Xcode 'outputs' to avoid re-running this script phase.\necho \"SUCCESS\" > \"${SCRIPT_OUTPUT_FILE_0}\"\n";
			showEnvVarsInLog = 0;
		};
/* End PBXShellScriptBuildPhase section */

/* Begin PBXSourcesBuildPhase section */
		64DB1CAA2B6087A5003FADCA /* Sources */ = {
			isa = PBXSourcesBuildPhase;
			buildActionMask = 2147483647;
			files = (
				64DB1CB92B6087A5003FADCA /* ViewController.m in Sources */,
				64DB1CB32B6087A5003FADCA /* AppDelegate.m in Sources */,
				64DB1CC42B6087A8003FADCA /* main.m in Sources */,
				64DB1CB62B6087A5003FADCA /* SceneDelegate.m in Sources */,
			);
			runOnlyForDeploymentPostprocessing = 0;
		};
		64DB1CC52B6087A8003FADCA /* Sources */ = {
			isa = PBXSourcesBuildPhase;
			buildActionMask = 2147483647;
			files = (
				64DB1CCE2B6087A8003FADCA /* UTDemoTests.m in Sources */,
			);
			runOnlyForDeploymentPostprocessing = 0;
		};
		64DB1CCF2B6087A8003FADCA /* Sources */ = {
			isa = PBXSourcesBuildPhase;
			buildActionMask = 2147483647;
			files = (
				64DB1CDA2B6087A8003FADCA /* UTDemoUITestsLaunchTests.m in Sources */,
				64DB1CD82B6087A8003FADCA /* UTDemoUITests.m in Sources */,
			);
			runOnlyForDeploymentPostprocessing = 0;
		};
/* End PBXSourcesBuildPhase section */

/* Begin PBXTargetDependency section */
		64DB1CCB2B6087A8003FADCA /* PBXTargetDependency */ = {
			isa = PBXTargetDependency;
			target = 64DB1CAD2B6087A5003FADCA /* UTDemo */;
			targetProxy = 64DB1CCA2B6087A8003FADCA /* PBXContainerItemProxy */;
		};
		64DB1CD52B6087A8003FADCA /* PBXTargetDependency */ = {
			isa = PBXTargetDependency;
			target = 64DB1CAD2B6087A5003FADCA /* UTDemo */;
			targetProxy = 64DB1CD42B6087A8003FADCA /* PBXContainerItemProxy */;
		};
/* End PBXTargetDependency section */

/* Begin PBXVariantGroup section */
		64DB1CBA2B6087A5003FADCA /* Main.storyboard */ = {
			isa = PBXVariantGroup;
			children = (
				64DB1CBB2B6087A5003FADCA /* Base */,
			);
			name = Main.storyboard;
			sourceTree = "<group>";
		};
		64DB1CBF2B6087A8003FADCA /* LaunchScreen.storyboard */ = {
			isa = PBXVariantGroup;
			children = (
				64DB1CC02B6087A8003FADCA /* Base */,
			);
			name = LaunchScreen.storyboard;
			sourceTree = "<group>";
		};
/* End PBXVariantGroup section */

/* Begin XCBuildConfiguration section */
		64DB1CDB2B6087A8003FADCA /* Debug */ = {
			isa = XCBuildConfiguration;
			buildSettings = {
				ALWAYS_SEARCH_USER_PATHS = NO;
				ASSETCATALOG_COMPILER_GENERATE_SWIFT_ASSET_SYMBOL_EXTENSIONS = YES;
				CLANG_ANALYZER_NONNULL = YES;
				CLANG_ANALYZER_NUMBER_OBJECT_CONVERSION = YES_AGGRESSIVE;
				CLANG_CXX_LANGUAGE_STANDARD = "gnu++20";
				CLANG_ENABLE_MODULES = YES;
				CLANG_ENABLE_OBJC_ARC = YES;
				CLANG_ENABLE_OBJC_WEAK = YES;
				CLANG_WARN_BLOCK_CAPTURE_AUTORELEASING = YES;
				CLANG_WARN_BOOL_CONVERSION = YES;
				CLANG_WARN_COMMA = YES;
				CLANG_WARN_CONSTANT_CONVERSION = YES;
				CLANG_WARN_DEPRECATED_OBJC_IMPLEMENTATIONS = YES;
				CLANG_WARN_DIRECT_OBJC_ISA_USAGE = YES_ERROR;
				CLANG_WARN_DOCUMENTATION_COMMENTS = YES;
				CLANG_WARN_EMPTY_BODY = YES;
				CLANG_WARN_ENUM_CONVERSION = YES;
				CLANG_WARN_INFINITE_RECURSION = YES;
				CLANG_WARN_INT_CONVERSION = YES;
				CLANG_WARN_NON_LITERAL_NULL_CONVERSION = YES;
				CLANG_WARN_OBJC_IMPLICIT_RETAIN_SELF = YES;
				CLANG_WARN_OBJC_LITERAL_CONVERSION = YES;
				CLANG_WARN_OBJC_ROOT_CLASS = YES_ERROR;
				CLANG_WARN_QUOTED_INCLUDE_IN_FRAMEWORK_HEADER = YES;
				CLANG_WARN_RANGE_LOOP_ANALYSIS = YES;
				CLANG_WARN_STRICT_PROTOTYPES = YES;
				CLANG_WARN_SUSPICIOUS_MOVE = YES;
				CLANG_WARN_UNGUARDED_AVAILABILITY = YES_AGGRESSIVE;
				CLANG_WARN_UNREACHABLE_CODE = YES;
				CLANG_WARN__DUPLICATE_METHOD_MATCH = YES;
				COPY_PHASE_STRIP = NO;
				DEBUG_INFORMATION_FORMAT = dwarf;
				ENABLE_STRICT_OBJC_MSGSEND = YES;
				ENABLE_TESTABILITY = YES;
				ENABLE_USER_SCRIPT_SANDBOXING = YES;
				GCC_C_LANGUAGE_STANDARD = gnu17;
				GCC_DYNAMIC_NO_PIC = NO;
				GCC_NO_COMMON_BLOCKS = YES;
				GCC_OPTIMIZATION_LEVEL = 0;
				GCC_PREPROCESSOR_DEFINITIONS = (
					"DEBUG=1",
					"$(inherited)",
				);
				GCC_WARN_64_TO_32_BIT_CONVERSION = YES;
				GCC_WARN_ABOUT_RETURN_TYPE = YES_ERROR;
				GCC_WARN_UNDECLARED_SELECTOR = YES;
				GCC_WARN_UNINITIALIZED_AUTOS = YES_AGGRESSIVE;
				GCC_WARN_UNUSED_FUNCTION = YES;
				GCC_WARN_UNUSED_VARIABLE = YES;
				IPHONEOS_DEPLOYMENT_TARGET = 17.2;
				LOCALIZATION_PREFERS_STRING_CATALOGS = YES;
				MTL_ENABLE_DEBUG_INFO = INCLUDE_SOURCE;
				MTL_FAST_MATH = YES;
				ONLY_ACTIVE_ARCH = YES;
				SDKROOT = iphoneos;
			};
			name = Debug;
		};
		64DB1CDC2B6087A8003FADCA /* Release */ = {
			isa = XCBuildConfiguration;
			buildSettings = {
				ALWAYS_SEARCH_USER_PATHS = NO;
				ASSETCATALOG_COMPILER_GENERATE_SWIFT_ASSET_SYMBOL_EXTENSIONS = YES;
				CLANG_ANALYZER_NONNULL = YES;
				CLANG_ANALYZER_NUMBER_OBJECT_CONVERSION = YES_AGGRESSIVE;
				CLANG_CXX_LANGUAGE_STANDARD = "gnu++20";
				CLANG_ENABLE_MODULES = YES;
				CLANG_ENABLE_OBJC_ARC = YES;
				CLANG_ENABLE_OBJC_WEAK = YES;
				CLANG_WARN_BLOCK_CAPTURE_AUTORELEASING = YES;
				CLANG_WARN_BOOL_CONVERSION = YES;
				CLANG_WARN_COMMA = YES;
				CLANG_WARN_CONSTANT_CONVERSION = YES;
				CLANG_WARN_DEPRECATED_OBJC_IMPLEMENTATIONS = YES;
				CLANG_WARN_DIRECT_OBJC_ISA_USAGE = YES_ERROR;
				CLANG_WARN_DOCUMENTATION_COMMENTS = YES;
				CLANG_WARN_EMPTY_BODY = YES;
				CLANG_WARN_ENUM_CONVERSION = YES;
				CLANG_WARN_INFINITE_RECURSION = YES;
				CLANG_WARN_INT_CONVERSION = YES;
				CLANG_WARN_NON_LITERAL_NULL_CONVERSION = YES;
				CLANG_WARN_OBJC_IMPLICIT_RETAIN_SELF = YES;
				CLANG_WARN_OBJC_LITERAL_CONVERSION = YES;
				CLANG_WARN_OBJC_ROOT_CLASS = YES_ERROR;
				CLANG_WARN_QUOTED_INCLUDE_IN_FRAMEWORK_HEADER = YES;
				CLANG_WARN_RANGE_LOOP_ANALYSIS = YES;
				CLANG_WARN_STRICT_PROTOTYPES = YES;
				CLANG_WARN_SUSPICIOUS_MOVE = YES;
				CLANG_WARN_UNGUARDED_AVAILABILITY = YES_AGGRESSIVE;
				CLANG_WARN_UNREACHABLE_CODE = YES;
				CLANG_WARN__DUPLICATE_METHOD_MATCH = YES;
				COPY_PHASE_STRIP = NO;
				DEBUG_INFORMATION_FORMAT = "dwarf-with-dsym";
				ENABLE_NS_ASSERTIONS = NO;
				ENABLE_STRICT_OBJC_MSGSEND = YES;
				ENABLE_USER_SCRIPT_SANDBOXING = YES;
				GCC_C_LANGUAGE_STANDARD = gnu17;
				GCC_NO_COMMON_BLOCKS = YES;
				GCC_WARN_64_TO_32_BIT_CONVERSION = YES;
				GCC_WARN_ABOUT_RETURN_TYPE = YES_ERROR;
				GCC_WARN_UNDECLARED_SELECTOR = YES;
				GCC_WARN_UNINITIALIZED_AUTOS = YES_AGGRESSIVE;
				GCC_WARN_UNUSED_FUNCTION = YES;
				GCC_WARN_UNUSED_VARIABLE = YES;
				IPHONEOS_DEPLOYMENT_TARGET = 17.2;
				LOCALIZATION_PREFERS_STRING_CATALOGS = YES;
				MTL_ENABLE_DEBUG_INFO = NO;
				MTL_FAST_MATH = YES;
				SDKROOT = iphoneos;
				VALIDATE_PRODUCT = YES;
			};
			name = Release;
		};
		64DB1CDE2B6087A8003FADCA /* Debug */ = {
			isa = XCBuildConfiguration;
			baseConfigurationReference = 61A91DF00C15AEDA8D1504D5 /* Pods-UTDemo.debug.xcconfig */;
			buildSettings = {
				ASSETCATALOG_COMPILER_APPICON_NAME = AppIcon;
				ASSETCATALOG_COMPILER_GLOBAL_ACCENT_COLOR_NAME = AccentColor;
				CODE_SIGN_STYLE = Automatic;
				CURRENT_PROJECT_VERSION = 1;
				DEVELOPMENT_TEAM = LG9M8ULUL8;
				GENERATE_INFOPLIST_FILE = YES;
				INFOPLIST_FILE = UTDemo/Info.plist;
				INFOPLIST_KEY_UIApplicationSupportsIndirectInputEvents = YES;
				INFOPLIST_KEY_UILaunchStoryboardName = LaunchScreen;
				INFOPLIST_KEY_UIMainStoryboardFile = Main;
				INFOPLIST_KEY_UISupportedInterfaceOrientations_iPad = "UIInterfaceOrientationPortrait UIInterfaceOrientationPortraitUpsideDown UIInterfaceOrientationLandscapeLeft UIInterfaceOrientationLandscapeRight";
				INFOPLIST_KEY_UISupportedInterfaceOrientations_iPhone = "UIInterfaceOrientationPortrait UIInterfaceOrientationLandscapeLeft UIInterfaceOrientationLandscapeRight";
				LD_RUNPATH_SEARCH_PATHS = (
					"$(inherited)",
					"@executable_path/Frameworks",
				);
				MARKETING_VERSION = 1.0;
				PRODUCT_BUNDLE_IDENTIFIER = com.followme.UTDemo;
				PRODUCT_NAME = "$(TARGET_NAME)";
				SWIFT_EMIT_LOC_STRINGS = YES;
				TARGETED_DEVICE_FAMILY = "1,2";
			};
			name = Debug;
		};
		64DB1CDF2B6087A8003FADCA /* Release */ = {
			isa = XCBuildConfiguration;
			baseConfigurationReference = 3C10F443B3D880C7E31D063B /* Pods-UTDemo.release.xcconfig */;
			buildSettings = {
				ASSETCATALOG_COMPILER_APPICON_NAME = AppIcon;
				ASSETCATALOG_COMPILER_GLOBAL_ACCENT_COLOR_NAME = AccentColor;
				CODE_SIGN_STYLE = Automatic;
				CURRENT_PROJECT_VERSION = 1;
				DEVELOPMENT_TEAM = LG9M8ULUL8;
				GENERATE_INFOPLIST_FILE = YES;
				INFOPLIST_FILE = UTDemo/Info.plist;
				INFOPLIST_KEY_UIApplicationSupportsIndirectInputEvents = YES;
				INFOPLIST_KEY_UILaunchStoryboardName = LaunchScreen;
				INFOPLIST_KEY_UIMainStoryboardFile = Main;
				INFOPLIST_KEY_UISupportedInterfaceOrientations_iPad = "UIInterfaceOrientationPortrait UIInterfaceOrientationPortraitUpsideDown UIInterfaceOrientationLandscapeLeft UIInterfaceOrientationLandscapeRight";
				INFOPLIST_KEY_UISupportedInterfaceOrientations_iPhone = "UIInterfaceOrientationPortrait UIInterfaceOrientationLandscapeLeft UIInterfaceOrientationLandscapeRight";
				LD_RUNPATH_SEARCH_PATHS = (
					"$(inherited)",
					"@executable_path/Frameworks",
				);
				MARKETING_VERSION = 1.0;
				PRODUCT_BUNDLE_IDENTIFIER = com.followme.UTDemo;
				PRODUCT_NAME = "$(TARGET_NAME)";
				SWIFT_EMIT_LOC_STRINGS = YES;
				TARGETED_DEVICE_FAMILY = "1,2";
			};
			name = Release;
		};
		64DB1CE12B6087A8003FADCA /* Debug */ = {
			isa = XCBuildConfiguration;
			baseConfigurationReference = 56DC67ED03EAB3C2A87968C1 /* Pods-UTDemoTests.debug.xcconfig */;
			buildSettings = {
				BUNDLE_LOADER = "$(TEST_HOST)";
				CODE_SIGN_STYLE = Automatic;
				CURRENT_PROJECT_VERSION = 1;
				DEVELOPMENT_TEAM = LG9M8ULUL8;
				GENERATE_INFOPLIST_FILE = YES;
				IPHONEOS_DEPLOYMENT_TARGET = 17.2;
				MARKETING_VERSION = 1.0;
				PRODUCT_BUNDLE_IDENTIFIER = com.followme.UTDemoTests;
				PRODUCT_NAME = "$(TARGET_NAME)";
				SWIFT_EMIT_LOC_STRINGS = NO;
				TARGETED_DEVICE_FAMILY = "1,2";
				TEST_HOST = "$(BUILT_PRODUCTS_DIR)/UTDemo.app/$(BUNDLE_EXECUTABLE_FOLDER_PATH)/UTDemo";
			};
			name = Debug;
		};
		64DB1CE22B6087A8003FADCA /* Release */ = {
			isa = XCBuildConfiguration;
			baseConfigurationReference = 0C46B64DD413747D49D501C5 /* Pods-UTDemoTests.release.xcconfig */;
			buildSettings = {
				BUNDLE_LOADER = "$(TEST_HOST)";
				CODE_SIGN_STYLE = Automatic;
				CURRENT_PROJECT_VERSION = 1;
				DEVELOPMENT_TEAM = LG9M8ULUL8;
				GENERATE_INFOPLIST_FILE = YES;
				IPHONEOS_DEPLOYMENT_TARGET = 17.2;
				MARKETING_VERSION = 1.0;
				PRODUCT_BUNDLE_IDENTIFIER = com.followme.UTDemoTests;
				PRODUCT_NAME = "$(TARGET_NAME)";
				SWIFT_EMIT_LOC_STRINGS = NO;
				TARGETED_DEVICE_FAMILY = "1,2";
				TEST_HOST = "$(BUILT_PRODUCTS_DIR)/UTDemo.app/$(BUNDLE_EXECUTABLE_FOLDER_PATH)/UTDemo";
			};
			name = Release;
		};
		64DB1CE42B6087A8003FADCA /* Debug */ = {
			isa = XCBuildConfiguration;
			baseConfigurationReference = 8A21D1D01A58B861F556861D /* Pods-UTDemo-UTDemoUITests.debug.xcconfig */;
			buildSettings = {
				CODE_SIGN_STYLE = Automatic;
				CURRENT_PROJECT_VERSION = 1;
				DEVELOPMENT_TEAM = LG9M8ULUL8;
				GENERATE_INFOPLIST_FILE = YES;
				MARKETING_VERSION = 1.0;
				PRODUCT_BUNDLE_IDENTIFIER = com.followme.UTDemoUITests;
				PRODUCT_NAME = "$(TARGET_NAME)";
				SWIFT_EMIT_LOC_STRINGS = NO;
				TARGETED_DEVICE_FAMILY = "1,2";
				TEST_TARGET_NAME = UTDemo;
			};
			name = Debug;
		};
		64DB1CE52B6087A8003FADCA /* Release */ = {
			isa = XCBuildConfiguration;
			baseConfigurationReference = BE2608424F7B0870738C40A5 /* Pods-UTDemo-UTDemoUITests.release.xcconfig */;
			buildSettings = {
				CODE_SIGN_STYLE = Automatic;
				CURRENT_PROJECT_VERSION = 1;
				DEVELOPMENT_TEAM = LG9M8ULUL8;
				GENERATE_INFOPLIST_FILE = YES;
				MARKETING_VERSION = 1.0;
				PRODUCT_BUNDLE_IDENTIFIER = com.followme.UTDemoUITests;
				PRODUCT_NAME = "$(TARGET_NAME)";
				SWIFT_EMIT_LOC_STRINGS = NO;
				TARGETED_DEVICE_FAMILY = "1,2";
				TEST_TARGET_NAME = UTDemo;
			};
			name = Release;
		};
/* End XCBuildConfiguration section */

/* Begin XCConfigurationList section */
		64DB1CA92B6087A5003FADCA /* Build configuration list for PBXProject "UTDemo" */ = {
			isa = XCConfigurationList;
			buildConfigurations = (
				64DB1CDB2B6087A8003FADCA /* Debug */,
				64DB1CDC2B6087A8003FADCA /* Release */,
			);
			defaultConfigurationIsVisible = 0;
			defaultConfigurationName = Release;
		};
		64DB1CDD2B6087A8003FADCA /* Build configuration list for PBXNativeTarget "UTDemo" */ = {
			isa = XCConfigurationList;
			buildConfigurations = (
				64DB1CDE2B6087A8003FADCA /* Debug */,
				64DB1CDF2B6087A8003FADCA /* Release */,
			);
			defaultConfigurationIsVisible = 0;
			defaultConfigurationName = Release;
		};
		64DB1CE02B6087A8003FADCA /* Build configuration list for PBXNativeTarget "UTDemoTests" */ = {
			isa = XCConfigurationList;
			buildConfigurations = (
				64DB1CE12B6087A8003FADCA /* Debug */,
				64DB1CE22B6087A8003FADCA /* Release */,
			);
			defaultConfigurationIsVisible = 0;
			defaultConfigurationName = Release;
		};
		64DB1CE32B6087A8003FADCA /* Build configuration list for PBXNativeTarget "UTDemoUITests" */ = {
			isa = XCConfigurationList;
			buildConfigurations = (
				64DB1CE42B6087A8003FADCA /* Debug */,
				64DB1CE52B6087A8003FADCA /* Release */,
			);
			defaultConfigurationIsVisible = 0;
			defaultConfigurationName = Release;
		};
/* End XCConfigurationList section */
	};
	rootObject = 64DB1CA62B6087A5003FADCA /* Project object */;
}
